
Microsoft Visual Studio Solution File, Format Version 12.00
# Visual Studio Version 16
VisualStudioVersion = 16.0.30204.135
MinimumVisualStudioVersion = 10.0.40219.1
Project("{9A19103F-16F7-4668-BE54-9A1E7A4F7556}") = "ContactsListWeb", "ContactsListWeb\ContactsListWeb.csproj", "{292B7364-383D-4BB2-B601-DBE4D8E0459F}"
EndProject
Project("{FAE04EC0-301F-11D3-BF4B-00C04F79EFBC}") = "ContactsList.Data", "ContactsList.Data\ContactsList.Data.csproj", "{2BDCD954-D54A-4DAE-B42F-A3524484BDCB}"
EndProject
Global
	GlobalSection(SolutionConfigurationPlatforms) = preSolution
		Debug|Any CPU = Debug|Any CPU
		Release|Any CPU = Release|Any CPU
	EndGlobalSection
	GlobalSection(ProjectConfigurationPlatforms) = postSolution
		{292B7364-383D-4BB2-B601-DBE4D8E0459F}.Debug|Any CPU.ActiveCfg = Debug|Any CPU
		{292B7364-383D-4BB2-B601-DBE4D8E0459F}.Debug|Any CPU.Build.0 = Debug|Any CPU
		{292B7364-383D-4BB2-B601-DBE4D8E0459F}.Release|Any CPU.ActiveCfg = Release|Any CPU
		{292B7364-383D-4BB2-B601-DBE4D8E0459F}.Release|Any CPU.Build.0 = Release|Any CPU
		{2BDCD954-D54A-4DAE-B42F-A3524484BDCB}.Debug|Any CPU.ActiveCfg = Debug|Any CPU
		{2BDCD954-D54A-4DAE-B42F-A3524484BDCB}.Debug|Any CPU.Build.0 = Debug|Any CPU
		{2BDCD954-D54A-4DAE-B42F-A3524484BDCB}.Release|Any CPU.ActiveCfg = Release|Any CPU
		{2BDCD954-D54A-4DAE-B42F-A3524484BDCB}.Release|Any CPU.Build.0 = Release|Any CPU
	EndGlobalSection
	GlobalSection(SolutionProperties) = preSolution
		HideSolutionNode = FALSE
	EndGlobalSection
	GlobalSection(ExtensibilityGlobals) = postSolution
		SolutionGuid = {91693BA1-D93C-4E60-BBC8-102791205ED6}
	EndGlobalSection
EndGlobal
